lockfileVersion: '9.6'
settings:
  autoInstallPeers: true
  excludeLinksFromLockfile: false
dependencies:
  next:
    specifier: ^14.2.5
    version: 14.2.5
  react:
    specifier: ^18.3.1
    version: 18.3.1
  react-dom:
    specifier: ^18.3.1
    version: 18.3.1
  next-seo:
    specifier: ^6.5.0
    version: 6.5.0
devDependencies:
  '@next/mdx':
    specifier: ^14.2.5
    version: 14.2.5
  '@types/node':
    specifier: ^20.12.12
    version: 20.12.12
  '@types/react':
    specifier: ^18.2.79
    version: 18.2.79
  '@types/react-dom':
    specifier: ^18.2.25
    version: 18.2.25
  autoprefixer:
    specifier: ^10.4.19
    version: 10.4.19
  postcss:
    specifier: ^8.4.38
    version: 8.4.38
  tailwindcss:
    specifier: ^3.4.10
    version: 3.4.10
  typescript:
    specifier: ^5.5.4
    version: 5.5.4
packages: {}
